// !$*UTF8*$!
{
	archiveVersion = 1;
	classes = {
	};
	objectVersion = 46;
	objects = {

/* Begin PBXBuildFile section */
		0D3BA44F1CF73BFB00746C99 /* AppDelegate.swift in Sources */ = {isa = PBXBuildFile; fileRef = 0D3BA44E1CF73BFB00746C99 /* AppDelegate.swift */; };
		0D3BA4511CF73BFB00746C99 /* ViewController.swift in Sources */ = {isa = PBXBuildFile; fileRef = 0D3BA4501CF73BFB00746C99 /* ViewController.swift */; };
		0D3BA4541CF73BFB00746C99 /* Main.storyboard in Resources */ = {isa = PBXBuildFile; fileRef = 0D3BA4521CF73BFB00746C99 /* Main.storyboard */; };
		0D3BA4561CF73BFB00746C99 /* Assets.xcassets in Resources */ = {isa = PBXBuildFile; fileRef = 0D3BA4551CF73BFB00746C99 /* Assets.xcassets */; };
		0D3BA4591CF73BFB00746C99 /* LaunchScreen.storyboard in Resources */ = {isa = PBXBuildFile; fileRef = 0D3BA4571CF73BFB00746C99 /* LaunchScreen.storyboard */; };
		0D3BA4641CF73BFB00746C99 /* CardViewTests.swift in Sources */ = {isa = PBXBuildFile; fileRef = 0D3BA4631CF73BFB00746C99 /* CardViewTests.swift */; };
		0D3BA46F1CF73BFB00746C99 /* CardViewUITests.swift in Sources */ = {isa = PBXBuildFile; fileRef = 0D3BA46E1CF73BFB00746C99 /* CardViewUITests.swift */; };
		0D3BA47E1CF7436E00746C99 /* OverlayView.xib in Resources */ = {isa = PBXBuildFile; fileRef = 0D3BA47D1CF7436E00746C99 /* OverlayView.xib */; };
		0D3BA4811CF8822800746C99 /* CardView.swift in Sources */ = {isa = PBXBuildFile; fileRef = 0D3BA4801CF8822800746C99 /* CardView.swift */; };
		0D3BA4831CF8824C00746C99 /* CardView.xib in Resources */ = {isa = PBXBuildFile; fileRef = 0D3BA4821CF8824C00746C99 /* CardView.xib */; };
		34DAD112FB7A54781E511866 /* Pods_CardViewTests.framework in Frameworks */ = {isa = PBXBuildFile; fileRef = 179746197C029F56823418D9 /* Pods_CardViewTests.framework */; };
		6612A240B4684739786A9A55 /* Pods_CardView.framework in Frameworks */ = {isa = PBXBuildFile; fileRef = 196493CF5732A9B305D9CC43 /* Pods_CardView.framework */; };
/* End PBXBuildFile section */

/* Begin PBXContainerItemProxy section */
		0D3BA4601CF73BFB00746C99 /* PBXContainerItemProxy */ = {
			isa = PBXContainerItemProxy;
			containerPortal = 0D3BA4431CF73BFB00746C99 /* Project object */;
			proxyType = 1;
			remoteGlobalIDString = 0D3BA44A1CF73BFB00746C99;
			remoteInfo = CardView;
		};
		0D3BA46B1CF73BFB00746C99 /* PBXContainerItemProxy */ = {
			isa = PBXContainerItemProxy;
			containerPortal = 0D3BA4431CF73BFB00746C99 /* Project object */;
			proxyType = 1;
			remoteGlobalIDString = 0D3BA44A1CF73BFB00746C99;
			remoteInfo = CardView;
		};
/* End PBXContainerItemProxy section */

/* Begin PBXFileReference section */
		0D3BA44B1CF73BFB00746C99 /* CardView.app */ = {isa = PBXFileReference; explicitFileType = wrapper.application; includeInIndex = 0; path = CardView.app; sourceTree = BUILT_PRODUCTS_DIR; };
		0D3BA44E1CF73BFB00746C99 /* AppDelegate.swift */ = {isa = PBXFileReference; lastKnownFileType = sourcecode.swift; path = AppDelegate.swift; sourceTree = "<group>"; };
		0D3BA4501CF73BFB00746C99 /* ViewController.swift */ = {isa = PBXFileReference; lastKnownFileType = sourcecode.swift; path = ViewController.swift; sourceTree = "<group>"; };
		0D3BA4531CF73BFB00746C99 /* Base */ = {isa = PBXFileReference; lastKnownFileType = file.storyboard; name = Base; path = Base.lproj/Main.storyboard; sourceTree = "<group>"; };
		0D3BA4551CF73BFB00746C99 /* Assets.xcassets */ = {isa = PBXFileReference; lastKnownFileType = folder.assetcatalog; path = Assets.xcassets; sourceTree = "<group>"; };
		0D3BA4581CF73BFB00746C99 /* Base */ = {isa = PBXFileReference; lastKnownFileType = file.storyboard; name = Base; path = Base.lproj/LaunchScreen.storyboard; sourceTree = "<group>"; };
		0D3BA45A1CF73BFB00746C99 /* Info.plist */ = {isa = PBXFileReference; lastKnownFileType = text.plist.xml; path = Info.plist; sourceTree = "<group>"; };
		0D3BA45F1CF73BFB00746C99 /* CardViewTests.xctest */ = {isa = PBXFileReference; explicitFileType = wrapper.cfbundle; includeInIndex = 0; path = CardViewTests.xctest; sourceTree = BUILT_PRODUCTS_DIR; };
		0D3BA4631CF73BFB00746C99 /* CardViewTests.swift */ = {isa = PBXFileReference; lastKnownFileType = sourcecode.swift; path = CardViewTests.swift; sourceTree = "<group>"; };
		0D3BA4651CF73BFB00746C99 /* Info.plist */ = {isa = PBXFileReference; lastKnownFileType = text.plist.xml; path = Info.plist; sourceTree = "<group>"; };
		0D3BA46A1CF73BFB00746C99 /* CardViewUITests.xctest */ = {isa = PBXFileReference; explicitFileType = wrapper.cfbundle; includeInIndex = 0; path = CardViewUITests.xctest; sourceTree = BUILT_PRODUCTS_DIR; };
		0D3BA46E1CF73BFB00746C99 /* CardViewUITests.swift */ = {isa = PBXFileReference; lastKnownFileType = sourcecode.swift; path = CardViewUITests.swift; sourceTree = "<group>"; };
		0D3BA4701CF73BFB00746C99 /* Info.plist */ = {isa = PBXFileReference; lastKnownFileType = text.plist.xml; path = Info.plist; sourceTree = "<group>"; };
		0D3BA47D1CF7436E00746C99 /* OverlayView.xib */ = {isa = PBXFileReference; fileEncoding = 4; lastKnownFileType = file.xib; name = OverlayView.xib; path = ../Pods/Koloda/Pod/Classes/KolodaView/OverlayView/OverlayView.xib; sourceTree = "<group>"; };
		0D3BA4801CF8822800746C99 /* CardView.swift */ = {isa = PBXFileReference; fileEncoding = 4; lastKnownFileType = sourcecode.swift; name = CardView.swift; path = CardView/CardView.swift; sourceTree = "<group>"; };
		0D3BA4821CF8824C00746C99 /* CardView.xib */ = {isa = PBXFileReference; fileEncoding = 4; lastKnownFileType = file.xib; name = CardView.xib; path = CardView/CardView.xib; sourceTree = "<group>"; };
		12E811CFD484AE2464479030 /* Pods-CardView.release.xcconfig */ = {isa = PBXFileReference; includeInIndex = 1; lastKnownFileType = text.xcconfig; name = "Pods-CardView.release.xcconfig"; path = "Pods/Target Support Files/Pods-CardView/Pods-CardView.release.xcconfig"; sourceTree = "<group>"; };
		179746197C029F56823418D9 /* Pods_CardViewTests.framework */ = {isa = PBXFileReference; explicitFileType = wrapper.framework; includeInIndex = 0; path = Pods_CardViewTests.framework; sourceTree = BUILT_PRODUCTS_DIR; };
		196493CF5732A9B305D9CC43 /* Pods_CardView.framework */ = {isa = PBXFileReference; explicitFileType = wrapper.framework; includeInIndex = 0; path = Pods_CardView.framework; sourceTree = BUILT_PRODUCTS_DIR; };
		3EFD3F894B31FC772F5D0861 /* Pods-CardView.debug.xcconfig */ = {isa = PBXFileReference; includeInIndex = 1; lastKnownFileType = text.xcconfig; name = "Pods-CardView.debug.xcconfig"; path = "Pods/Target Support Files/Pods-CardView/Pods-CardView.debug.xcconfig"; sourceTree = "<group>"; };
		895D2D75026937C9A070CCC5 /* Pods-CardViewTests.debug.xcconfig */ = {isa = PBXFileReference; includeInIndex = 1; lastKnownFileType = text.xcconfig; name = "Pods-CardViewTests.debug.xcconfig"; path = "Pods/Target Support Files/Pods-CardViewTests/Pods-CardViewTests.debug.xcconfig"; sourceTree = "<group>"; };
		8A61E2A5A10807E0EF72B36D /* Pods-CardViewTests.release.xcconfig */ = {isa = PBXFileReference; includeInIndex = 1; lastKnownFileType = text.xcconfig; name = "Pods-CardViewTests.release.xcconfig"; path = "Pods/Target Support Files/Pods-CardViewTests/Pods-CardViewTests.release.xcconfig"; sourceTree = "<group>"; };
/* End PBXFileReference section */

/* Begin PBXFrameworksBuildPhase section */
		0D3BA4481CF73BFB00746C99 /* Frameworks */ = {
			isa = PBXFrameworksBuildPhase;
			buildActionMask = 2147483647;
			files = (
				6612A240B4684739786A9A55 /* Pods_CardView.framework in Frameworks */,
			);
			runOnlyForDeploymentPostprocessing = 0;
		};
		0D3BA45C1CF73BFB00746C99 /* Frameworks */ = {
			isa = PBXFrameworksBuildPhase;
			buildActionMask = 2147483647;
			files = (
				34DAD112FB7A54781E511866 /* Pods_CardViewTests.framework in Frameworks */,
			);
			runOnlyForDeploymentPostprocessing = 0;
		};
		0D3BA4671CF73BFB00746C99 /* Frameworks */ = {
			isa = PBXFrameworksBuildPhase;
			buildActionMask = 2147483647;
			files = (
			);
			runOnlyForDeploymentPostprocessing = 0;
		};
/* End PBXFrameworksBuildPhase section */

/* Begin PBXGroup section */
		0D3BA4421CF73BFB00746C99 = {
			isa = PBXGroup;
			children = (
				0D3BA44D1CF73BFB00746C99 /* CardView */,
				0D3BA4621CF73BFB00746C99 /* CardViewTests */,
				0D3BA46D1CF73BFB00746C99 /* CardViewUITests */,
				0D3BA44C1CF73BFB00746C99 /* Products */,
				2EFCAB7DCE3A0C0709C2BD5F /* Pods */,
				D1294369C46BB5B76E581053 /* Frameworks */,
			);
			sourceTree = "<group>";
		};
		0D3BA44C1CF73BFB00746C99 /* Products */ = {
			isa = PBXGroup;
			children = (
				0D3BA44B1CF73BFB00746C99 /* CardView.app */,
				0D3BA45F1CF73BFB00746C99 /* CardViewTests.xctest */,
				0D3BA46A1CF73BFB00746C99 /* CardViewUITests.xctest */,
			);
			name = Products;
			sourceTree = "<group>";
		};
		0D3BA44D1CF73BFB00746C99 /* CardView */ = {
			isa = PBXGroup;
			children = (
				0D3BA47F1CF881D800746C99 /* CardView */,
				0D3BA44E1CF73BFB00746C99 /* AppDelegate.swift */,
				0D3BA4501CF73BFB00746C99 /* ViewController.swift */,
				0D3BA4521CF73BFB00746C99 /* Main.storyboard */,
				0D3BA47D1CF7436E00746C99 /* OverlayView.xib */,
				0D3BA4551CF73BFB00746C99 /* Assets.xcassets */,
				0D3BA4571CF73BFB00746C99 /* LaunchScreen.storyboard */,
				0D3BA45A1CF73BFB00746C99 /* Info.plist */,
			);
			path = CardView;
			sourceTree = "<group>";
		};
		0D3BA4621CF73BFB00746C99 /* CardViewTests */ = {
			isa = PBXGroup;
			children = (
				0D3BA4631CF73BFB00746C99 /* CardViewTests.swift */,
				0D3BA4651CF73BFB00746C99 /* Info.plist */,
			);
			path = CardViewTests;
			sourceTree = "<group>";
		};
		0D3BA46D1CF73BFB00746C99 /* CardViewUITests */ = {
			isa = PBXGroup;
			children = (
				0D3BA46E1CF73BFB00746C99 /* CardViewUITests.swift */,
				0D3BA4701CF73BFB00746C99 /* Info.plist */,
			);
			path = CardViewUITests;
			sourceTree = "<group>";
		};
		0D3BA47F1CF881D800746C99 /* CardView */ = {
			isa = PBXGroup;
			children = (
				0D3BA4801CF8822800746C99 /* CardView.swift */,
				0D3BA4821CF8824C00746C99 /* CardView.xib */,
			);
			name = CardView;
			sourceTree = "<group>";
		};
		2EFCAB7DCE3A0C0709C2BD5F /* Pods */ = {
			isa = PBXGroup;
			children = (
				3EFD3F894B31FC772F5D0861 /* Pods-CardView.debug.xcconfig */,
				12E811CFD484AE2464479030 /* Pods-CardView.release.xcconfig */,
				895D2D75026937C9A070CCC5 /* Pods-CardViewTests.debug.xcconfig */,
				8A61E2A5A10807E0EF72B36D /* Pods-CardViewTests.release.xcconfig */,
			);
			name = Pods;
			sourceTree = "<group>";
		};
		D1294369C46BB5B76E581053 /* Frameworks */ = {
			isa = PBXGroup;
			children = (
				196493CF5732A9B305D9CC43 /* Pods_CardView.framework */,
				179746197C029F56823418D9 /* Pods_CardViewTests.framework */,
			);
			name = Frameworks;
			sourceTree = "<group>";
		};
/* End PBXGroup section */

/* Begin PBXNativeTarget section */
		0D3BA44A1CF73BFB00746C99 /* CardView */ = {
			isa = PBXNativeTarget;
			buildConfigurationList = 0D3BA4731CF73BFB00746C99 /* Build configuration list for PBXNativeTarget "CardView" */;
			buildPhases = (
				92218477D6E9724C01109F30 /* Check Pods Manifest.lock */,
				0D3BA4471CF73BFB00746C99 /* Sources */,
				0D3BA4481CF73BFB00746C99 /* Frameworks */,
				0D3BA4491CF73BFB00746C99 /* Resources */,
				1269692C87BDD272B3D39303 /* Embed Pods Frameworks */,
				DA287B48206E42C21D114061 /* Copy Pods Resources */,
			);
			buildRules = (
			);
			dependencies = (
			);
			name = CardView;
			productName = CardView;
			productReference = 0D3BA44B1CF73BFB00746C99 /* CardView.app */;
			productType = "com.apple.product-type.application";
		};
		0D3BA45E1CF73BFB00746C99 /* CardViewTests */ = {
			isa = PBXNativeTarget;
			buildConfigurationList = 0D3BA4761CF73BFB00746C99 /* Build configuration list for PBXNativeTarget "CardViewTests" */;
			buildPhases = (
				F35CAB4F8D2D288D4A606B83 /* Check Pods Manifest.lock */,
				0D3BA45B1CF73BFB00746C99 /* Sources */,
				0D3BA45C1CF73BFB00746C99 /* Frameworks */,
				0D3BA45D1CF73BFB00746C99 /* Resources */,
				2B881202FF52A3612731881A /* Embed Pods Frameworks */,
				FFAA57EC5BB16CE90C099A6A /* Copy Pods Resources */,
			);
			buildRules = (
			);
			dependencies = (
				0D3BA4611CF73BFB00746C99 /* PBXTargetDependency */,
			);
			name = CardViewTests;
			productName = CardViewTests;
			productReference = 0D3BA45F1CF73BFB00746C99 /* CardViewTests.xctest */;
			productType = "com.apple.product-type.bundle.unit-test";
		};
		0D3BA4691CF73BFB00746C99 /* CardViewUITests */ = {
			isa = PBXNativeTarget;
			buildConfigurationList = 0D3BA4791CF73BFB00746C99 /* Build configuration list for PBXNativeTarget "CardViewUITests" */;
			buildPhases = (
				0D3BA4661CF73BFB00746C99 /* Sources */,
				0D3BA4671CF73BFB00746C99 /* Frameworks */,
				0D3BA4681CF73BFB00746C99 /* Resources */,
			);
			buildRules = (
			);
			dependencies = (
				0D3BA46C1CF73BFB00746C99 /* PBXTargetDependency */,
			);
			name = CardViewUITests;
			productName = CardViewUITests;
			productReference = 0D3BA46A1CF73BFB00746C99 /* CardViewUITests.xctest */;
			productType = "com.apple.product-type.bundle.ui-testing";
		};
/* End PBXNativeTarget section */

/* Begin PBXProject section */
		0D3BA4431CF73BFB00746C99 /* Project object */ = {
			isa = PBXProject;
			attributes = {
				LastSwiftUpdateCheck = 0730;
				LastUpgradeCheck = 0730;
				ORGANIZATIONNAME = ATSUSHI;
				TargetAttributes = {
					0D3BA44A1CF73BFB00746C99 = {
						CreatedOnToolsVersion = 7.3.1;
					};
					0D3BA45E1CF73BFB00746C99 = {
						CreatedOnToolsVersion = 7.3.1;
						TestTargetID = 0D3BA44A1CF73BFB00746C99;
					};
					0D3BA4691CF73BFB00746C99 = {
						CreatedOnToolsVersion = 7.3.1;
						TestTargetID = 0D3BA44A1CF73BFB00746C99;
					};
				};
			};
			buildConfigurationList = 0D3BA4461CF73BFB00746C99 /* Build configuration list for PBXProject "CardView" */;
			compatibilityVersion = "Xcode 3.2";
			developmentRegion = English;
			hasScannedForEncodings = 0;
			knownRegions = (
				en,
				Base,
			);
			mainGroup = 0D3BA4421CF73BFB00746C99;
			productRefGroup = 0D3BA44C1CF73BFB00746C99 /* Products */;
			projectDirPath = "";
			projectRoot = "";
			targets = (
				0D3BA44A1CF73BFB00746C99 /* CardView */,
				0D3BA45E1CF73BFB00746C99 /* CardViewTests */,
				0D3BA4691CF73BFB00746C99 /* CardViewUITests */,
			);
		};
/* End PBXProject section */

/* Begin PBXResourcesBuildPhase section */
		0D3BA4491CF73BFB00746C99 /* Resources */ = {
			isa = PBXResourcesBuildPhase;
			buildActionMask = 2147483647;
			files = (
				0D3BA4591CF73BFB00746C99 /* LaunchScreen.storyboard in Resources */,
				0D3BA47E1CF7436E00746C99 /* OverlayView.xib in Resources */,
				0D3BA4831CF8824C00746C99 /* CardView.xib in Resources */,
				0D3BA4561CF73BFB00746C99 /* Assets.xcassets in Resources */,
				0D3BA4541CF73BFB00746C99 /* Main.storyboard in Resources */,
			);
			runOnlyForDeploymentPostprocessing = 0;
		};
		0D3BA45D1CF73BFB00746C99 /* Resources */ = {
			isa = PBXResourcesBuildPhase;
			buildActionMask = 2147483647;
			files = (
			);
			runOnlyForDeploymentPostprocessing = 0;
		};
		0D3BA4681CF73BFB00746C99 /* Resources */ = {
			isa = PBXResourcesBuildPhase;
			buildActionMask = 2147483647;
			files = (
			);
			runOnlyForDeploymentPostprocessing = 0;
		};
/* End PBXResourcesBuildPhase section */

/* Begin PBXShellScriptBuildPhase section */
		1269692C87BDD272B3D39303 /* Embed Pods Frameworks */ = {
			isa = PBXShellScriptBuildPhase;
			buildActionMask = 2147483647;
			files = (
			);
			inputPaths = (
			);
			name = "Embed Pods Frameworks";
			outputPaths = (
			);
			runOnlyForDeploymentPostprocessing = 0;
			shellPath = /bin/sh;
			shellScript = "\"${SRCROOT}/Pods/Target Support Files/Pods-CardView/Pods-CardView-frameworks.sh\"\n";
			showEnvVarsInLog = 0;
		};
		2B881202FF52A3612731881A /* Embed Pods Frameworks */ = {
			isa = PBXShellScriptBuildPhase;
			buildActionMask = 2147483647;
			files = (
			);
			inputPaths = (
			);
			name = "Embed Pods Frameworks";
			outputPaths = (
			);
			runOnlyForDeploymentPostprocessing = 0;
			shellPath = /bin/sh;
			shellScript = "\"${SRCROOT}/Pods/Target Support Files/Pods-CardViewTests/Pods-CardViewTests-frameworks.sh\"\n";
			showEnvVarsInLog = 0;
		};
		92218477D6E9724C01109F30 /* Check Pods Manifest.lock */ = {
			isa = PBXShellScriptBuildPhase;
			buildActionMask = 2147483647;
			files = (
			);
			inputPaths = (
			);
			name = "Check Pods Manifest.lock";
			outputPaths = (
			);
			runOnlyForDeploymentPostprocessing = 0;
			shellPath = /bin/sh;
			shellScript = "diff \"${PODS_ROOT}/../Podfile.lock\" \"${PODS_ROOT}/Manifest.lock\" > /dev/null\nif [[ $? != 0 ]] ; then\n    cat << EOM\nerror: The sandbox is not in sync with the Podfile.lock. Run 'pod install' or update your CocoaPods installation.\nEOM\n    exit 1\nfi\n";
			showEnvVarsInLog = 0;
		};
		DA287B48206E42C21D114061 /* Copy Pods Resources */ = {
			isa = PBXShellScriptBuildPhase;
			buildActionMask = 2147483647;
			files = (
			);
			inputPaths = (
			);
			name = "Copy Pods Resources";
			outputPaths = (
			);
			runOnlyForDeploymentPostprocessing = 0;
			shellPath = /bin/sh;
			shellScript = "\"${SRCROOT}/Pods/Target Support Files/Pods-CardView/Pods-CardView-resources.sh\"\n";
			showEnvVarsInLog = 0;
		};
		F35CAB4F8D2D288D4A606B83 /* Check Pods Manifest.lock */ = {
			isa = PBXShellScriptBuildPhase;
			buildActionMask = 2147483647;
			files = (
			);
			inputPaths = (
			);
			name = "Check Pods Manifest.lock";
			outputPaths = (
			);
			runOnlyForDeploymentPostprocessing = 0;
			shellPath = /bin/sh;
			shellScript = "diff \"${PODS_ROOT}/../Podfile.lock\" \"${PODS_ROOT}/Manifest.lock\" > /dev/null\nif [[ $? != 0 ]] ; then\n    cat << EOM\nerror: The sandbox is not in sync with the Podfile.lock. Run 'pod install' or update your CocoaPods installation.\nEOM\n    exit 1\nfi\n";
			showEnvVarsInLog = 0;
		};
		FFAA57EC5BB16CE90C099A6A /* Copy Pods Resources */ = {
			isa = PBXShellScriptBuildPhase;
			buildActionMask = 2147483647;
			files = (
			);
			inputPaths = (
			);
			name = "Copy Pods Resources";
			outputPaths = (
			);
			runOnlyForDeploymentPostprocessing = 0;
			shellPath = /bin/sh;
			shellScript = "\"${SRCROOT}/Pods/Target Support Files/Pods-CardViewTests/Pods-CardViewTests-resources.sh\"\n";
			showEnvVarsInLog = 0;
		};
/* End PBXShellScriptBuildPhase section */

/* Begin PBXSourcesBuildPhase section */
		0D3BA4471CF73BFB00746C99 /* Sources */ = {
			isa = PBXSourcesBuildPhase;
			buildActionMask = 2147483647;
			files = (
				0D3BA4511CF73BFB00746C99 /* ViewController.swift in Sources */,
				0D3BA4811CF8822800746C99 /* CardView.swift in Sources */,
				0D3BA44F1CF73BFB00746C99 /* AppDelegate.swift in Sources */,
			);
			runOnlyForDeploymentPostprocessing = 0;
		};
		0D3BA45B1CF73BFB00746C99 /* Sources */ = {
			isa = PBXSourcesBuildPhase;
			buildActionMask = 2147483647;
			files = (
				0D3BA4641CF73BFB00746C99 /* CardViewTests.swift in Sources */,
			);
			runOnlyForDeploymentPostprocessing = 0;
		};
		0D3BA4661CF73BFB00746C99 /* Sources */ = {
			isa = PBXSourcesBuildPhase;
			buildActionMask = 2147483647;
			files = (
				0D3BA46F1CF73BFB00746C99 /* CardViewUITests.swift in Sources */,
			);
			runOnlyForDeploymentPostprocessing = 0;
		};
/* End PBXSourcesBuildPhase section */

/* Begin PBXTargetDependency section */
		0D3BA4611CF73BFB00746C99 /* PBXTargetDependency */ = {
			isa = PBXTargetDependency;
			target = 0D3BA44A1CF73BFB00746C99 /* CardView */;
			targetProxy = 0D3BA4601CF73BFB00746C99 /* PBXContainerItemProxy */;
		};
		0D3BA46C1CF73BFB00746C99 /* PBXTargetDependency */ = {
			isa = PBXTargetDependency;
			target = 0D3BA44A1CF73BFB00746C99 /* CardView */;
			targetProxy = 0D3BA46B1CF73BFB00746C99 /* PBXContainerItemProxy */;
		};
/* End PBXTargetDependency section */

/* Begin PBXVariantGroup section */
		0D3BA4521CF73BFB00746C99 /* Main.storyboard */ = {
			isa = PBXVariantGroup;
			children = (
				0D3BA4531CF73BFB00746C99 /* Base */,
			);
			name = Main.storyboard;
			sourceTree = "<group>";
		};
		0D3BA4571CF73BFB00746C99 /* LaunchScreen.storyboard */ = {
			isa = PBXVariantGroup;
			children = (
				0D3BA4581CF73BFB00746C99 /* Base */,
			);
			name = LaunchScreen.storyboard;
			sourceTree = "<group>";
		};
/* End PBXVariantGroup section */

/* Begin XCBuildConfiguration section */
		0D3BA4711CF73BFB00746C99 /* Debug */ = {
			isa = XCBuildConfiguration;
			buildSettings = {
				ALWAYS_SEARCH_USER_PATHS = NO;
				CLANG_ANALYZER_NONNULL = YES;
				CLANG_CXX_LANGUAGE_STANDARD = "gnu++0x";
				CLANG_CXX_LIBRARY = "libc++";
				CLANG_ENABLE_MODULES = YES;
				CLANG_ENABLE_OBJC_ARC = YES;
				CLANG_WARN_BOOL_CONVERSION = YES;
				CLANG_WARN_CONSTANT_CONVERSION = YES;
				CLANG_WARN_DIRECT_OBJC_ISA_USAGE = YES_ERROR;
				CLANG_WARN_EMPTY_BODY = YES;
				CLANG_WARN_ENUM_CONVERSION = YES;
				CLANG_WARN_INT_CONVERSION = YES;
				CLANG_WARN_OBJC_ROOT_CLASS = YES_ERROR;
				CLANG_WARN_UNREACHABLE_CODE = YES;
				CLANG_WARN__DUPLICATE_METHOD_MATCH = YES;
				"CODE_SIGN_IDENTITY[sdk=iphoneos*]" = "iPhone Developer";
				COPY_PHASE_STRIP = NO;
				DEBUG_INFORMATION_FORMAT = dwarf;
				ENABLE_STRICT_OBJC_MSGSEND = YES;
				ENABLE_TESTABILITY = YES;
				GCC_C_LANGUAGE_STANDARD = gnu99;
				GCC_DYNAMIC_NO_PIC = NO;
				GCC_NO_COMMON_BLOCKS = YES;
				GCC_OPTIMIZATION_LEVEL = 0;
				GCC_PREPROCESSOR_DEFINITIONS = (
					"DEBUG=1",
					"$(inherited)",
				);
				GCC_WARN_64_TO_32_BIT_CONVERSION = YES;
				GCC_WARN_ABOUT_RETURN_TYPE = YES_ERROR;
				GCC_WARN_UNDECLARED_SELECTOR = YES;
				GCC_WARN_UNINITIALIZED_AUTOS = YES_AGGRESSIVE;
				GCC_WARN_UNUSED_FUNCTION = YES;
				GCC_WARN_UNUSED_VARIABLE = YES;
				IPHONEOS_DEPLOYMENT_TARGET = 9.3;
				MTL_ENABLE_DEBUG_INFO = YES;
				ONLY_ACTIVE_ARCH = YES;
				SDKROOT = iphoneos;
				SWIFT_OPTIMIZATION_LEVEL = "-Onone";
			};
			name = Debug;
		};
		0D3BA4721CF73BFB00746C99 /* Release */ = {
			isa = XCBuildConfiguration;
			buildSettings = {
				ALWAYS_SEARCH_USER_PATHS = NO;
				CLANG_ANALYZER_NONNULL = YES;
				CLANG_CXX_LANGUAGE_STANDARD = "gnu++0x";
				CLANG_CXX_LIBRARY = "libc++";
				CLANG_ENABLE_MODULES = YES;
				CLANG_ENABLE_OBJC_ARC = YES;
				CLANG_WARN_BOOL_CONVERSION = YES;
				CLANG_WARN_CONSTANT_CONVERSION = YES;
				CLANG_WARN_DIRECT_OBJC_ISA_USAGE = YES_ERROR;
				CLANG_WARN_EMPTY_BODY = YES;
				CLANG_WARN_ENUM_CONVERSION = YES;
				CLANG_WARN_INT_CONVERSION = YES;
				CLANG_WARN_OBJC_ROOT_CLASS = YES_ERROR;
				CLANG_WARN_UNREACHABLE_CODE = YES;
				CLANG_WARN__DUPLICATE_METHOD_MATCH = YES;
				"CODE_SIGN_IDENTITY[sdk=iphoneos*]" = "iPhone Developer";
				COPY_PHASE_STRIP = NO;
				DEBUG_INFORMATION_FORMAT = "dwarf-with-dsym";
				ENABLE_NS_ASSERTIONS = NO;
				ENABLE_STRICT_OBJC_MSGSEND = YES;
				GCC_C_LANGUAGE_STANDARD = gnu99;
				GCC_NO_COMMON_BLOCKS = YES;
				GCC_WARN_64_TO_32_BIT_CONVERSION = YES;
				GCC_WARN_ABOUT_RETURN_TYPE = YES_ERROR;
				GCC_WARN_UNDECLARED_SELECTOR = YES;
				GCC_WARN_UNINITIALIZED_AUTOS = YES_AGGRESSIVE;
				GCC_WARN_UNUSED_FUNCTION = YES;
				GCC_WARN_UNUSED_VARIABLE = YES;
				IPHONEOS_DEPLOYMENT_TARGET = 9.3;
				MTL_ENABLE_DEBUG_INFO = NO;
				SDKROOT = iphoneos;
				VALIDATE_PRODUCT = YES;
			};
			name = Release;
		};
		0D3BA4741CF73BFB00746C99 /* Debug */ = {
			isa = XCBuildConfiguration;
			baseConfigurationReference = 3EFD3F894B31FC772F5D0861 /* Pods-CardView.debug.xcconfig */;
			buildSettings = {
				ASSETCATALOG_COMPILER_APPICON_NAME = AppIcon;
				INFOPLIST_FILE = CardView/Info.plist;
				LD_RUNPATH_SEARCH_PATHS = "$(inherited) @executable_path/Frameworks";
				PRODUCT_BUNDLE_IDENTIFIER = com.atsushi.CardView;
				PRODUCT_NAME = "$(TARGET_NAME)";
			};
			name = Debug;
		};
		0D3BA4751CF73BFB00746C99 /* Release */ = {
			isa = XCBuildConfiguration;
			baseConfigurationReference = 12E811CFD484AE2464479030 /* Pods-CardView.release.xcconfig */;
			buildSettings = {
				ASSETCATALOG_COMPILER_APPICON_NAME = AppIcon;
				INFOPLIST_FILE = CardView/Info.plist;
				LD_RUNPATH_SEARCH_PATHS = "$(inherited) @executable_path/Frameworks";
				PRODUCT_BUNDLE_IDENTIFIER = com.atsushi.CardView;
				PRODUCT_NAME = "$(TARGET_NAME)";
			};
			name = Release;
		};
		0D3BA4771CF73BFB00746C99 /* Debug */ = {
			isa = XCBuildConfiguration;
			baseConfigurationReference = 895D2D75026937C9A070CCC5 /* Pods-CardViewTests.debug.xcconfig */;
			buildSettings = {
				BUNDLE_LOADER = "$(TEST_HOST)";
				INFOPLIST_FILE = CardViewTests/Info.plist;
				LD_RUNPATH_SEARCH_PATHS = "$(inherited) @executable_path/Frameworks @loader_path/Frameworks";
				PRODUCT_BUNDLE_IDENTIFIER = com.atsushi.CardViewTests;
				PRODUCT_NAME = "$(TARGET_NAME)";
				TEST_HOST = "$(BUILT_PRODUCTS_DIR)/CardView.app/CardView";
			};
			name = Debug;
		};
		0D3BA4781CF73BFB00746C99 /* Release */ = {
			isa = XCBuildConfiguration;
			baseConfigurationReference = 8A61E2A5A10807E0EF72B36D /* Pods-CardViewTests.release.xcconfig */;
			buildSettings = {
				BUNDLE_LOADER = "$(TEST_HOST)";
				INFOPLIST_FILE = CardViewTests/Info.plist;
				LD_RUNPATH_SEARCH_PATHS = "$(inherited) @executable_path/Frameworks @loader_path/Frameworks";
				PRODUCT_BUNDLE_IDENTIFIER = com.atsushi.CardViewTests;
				PRODUCT_NAME = "$(TARGET_NAME)";
				TEST_HOST = "$(BUILT_PRODUCTS_DIR)/CardView.app/CardView";
			};
			name = Release;
		};
		0D3BA47A1CF73BFB00746C99 /* Debug */ = {
			isa = XCBuildConfiguration;
			buildSettings = {
				INFOPLIST_FILE = CardViewUITests/Info.plist;
				LD_RUNPATH_SEARCH_PATHS = "$(inherited) @executable_path/Frameworks @loader_path/Frameworks";
				PRODUCT_BUNDLE_IDENTIFIER = com.atsushi.CardViewUITests;
				PRODUCT_NAME = "$(TARGET_NAME)";
				TEST_TARGET_NAME = CardView;
			};
			name = Debug;
		};
		0D3BA47B1CF73BFB00746C99 /* Release */ = {
			isa = XCBuildConfiguration;
			buildSettings = {
				INFOPLIST_FILE = CardViewUITests/Info.plist;
				LD_RUNPATH_SEARCH_PATHS = "$(inherited) @executable_path/Frameworks @loader_path/Frameworks";
				PRODUCT_BUNDLE_IDENTIFIER = com.atsushi.CardViewUITests;
				PRODUCT_NAME = "$(TARGET_NAME)";
				TEST_TARGET_NAME = CardView;
			};
			name = Release;
		};
/* End XCBuildConfiguration section */

/* Begin XCConfigurationList section */
		0D3BA4461CF73BFB00746C99 /* Build configuration list for PBXProject "CardView" */ = {
			isa = XCConfigurationList;
			buildConfigurations = (
				0D3BA4711CF73BFB00746C99 /* Debug */,
				0D3BA4721CF73BFB00746C99 /* Release */,
			);
			defaultConfigurationIsVisible = 0;
			defaultConfigurationName = Release;
		};
		0D3BA4731CF73BFB00746C99 /* Build configuration list for PBXNativeTarget "CardView" */ = {
			isa = XCConfigurationList;
			buildConfigurations = (
				0D3BA4741CF73BFB00746C99 /* Debug */,
				0D3BA4751CF73BFB00746C99 /* Release */,
			);
			defaultConfigurationIsVisible = 0;
			defaultConfigurationName = Release;
		};
		0D3BA4761CF73BFB00746C99 /* Build configuration list for PBXNativeTarget "CardViewTests" */ = {
			isa = XCConfigurationList;
			buildConfigurations = (
				0D3BA4771CF73BFB00746C99 /* Debug */,
				0D3BA4781CF73BFB00746C99 /* Release */,
			);
			defaultConfigurationIsVisible = 0;
			defaultConfigurationName = Release;
		};
		0D3BA4791CF73BFB00746C99 /* Build configuration list for PBXNativeTarget "CardViewUITests" */ = {
			isa = XCConfigurationList;
			buildConfigurations = (
				0D3BA47A1CF73BFB00746C99 /* Debug */,
				0D3BA47B1CF73BFB00746C99 /* Release */,
			);
			defaultConfigurationIsVisible = 0;
			defaultConfigurationName = Release;
		};
/* End XCConfigurationList section */
	};
	rootObject = 0D3BA4431CF73BFB00746C99 /* Project object */;
}
